// !$*UTF8*$!
{
	archiveVersion = 1;
	classes = {
	};
	objectVersion = 56;
	objects = {

/* Begin PBXBuildFile section */
		040A30512BE542EC00D57081 /* ScrumdingerApp.swift in Sources */ = {isa = PBXBuildFile; fileRef = 040A30502BE542EC00D57081 /* ScrumdingerApp.swift */; };
		040A30532BE542EC00D57081 /* MeetingView.swift in Sources */ = {isa = PBXBuildFile; fileRef = 040A30522BE542EC00D57081 /* MeetingView.swift */; };
		040A30552BE542ED00D57081 /* Assets.xcassets in Resources */ = {isa = PBXBuildFile; fileRef = 040A30542BE542ED00D57081 /* Assets.xcassets */; };
		040A30582BE542ED00D57081 /* Preview Assets.xcassets in Resources */ = {isa = PBXBuildFile; fileRef = 040A30572BE542ED00D57081 /* Preview Assets.xcassets */; };
		040A30622BE542EE00D57081 /* ScrumdingerTests.swift in Sources */ = {isa = PBXBuildFile; fileRef = 040A30612BE542EE00D57081 /* ScrumdingerTests.swift */; };
		040A306C2BE542EE00D57081 /* ScrumdingerUITests.swift in Sources */ = {isa = PBXBuildFile; fileRef = 040A306B2BE542EE00D57081 /* ScrumdingerUITests.swift */; };
		040A306E2BE542EE00D57081 /* ScrumdingerUITestsLaunchTests.swift in Sources */ = {isa = PBXBuildFile; fileRef = 040A306D2BE542EE00D57081 /* ScrumdingerUITestsLaunchTests.swift */; };
		040A307C2BFFDA1200D57081 /* Theme.swift in Sources */ = {isa = PBXBuildFile; fileRef = 040A307B2BFFDA1200D57081 /* Theme.swift */; };
		040A307E2BFFDF3A00D57081 /* DailyScrum.swift in Sources */ = {isa = PBXBuildFile; fileRef = 040A307D2BFFDF3A00D57081 /* DailyScrum.swift */; };
		0498560C2C2C428F00D8863D /* TrailingIconLabelStyle.swift in Sources */ = {isa = PBXBuildFile; fileRef = 0498560B2C2C428F00D8863D /* TrailingIconLabelStyle.swift */; };
		0498560E2C34875A00D8863D /* View.swift in Sources */ = {isa = PBXBuildFile; fileRef = 0498560D2C34875A00D8863D /* View.swift */; };
		049856102C348CED00D8863D /* DetailView.swift in Sources */ = {isa = PBXBuildFile; fileRef = 0498560F2C348CED00D8863D /* DetailView.swift */; };
		04A26B662C3949F000E20369 /* DetrailEditView.swift in Sources */ = {isa = PBXBuildFile; fileRef = 04A26B652C3949F000E20369 /* DetrailEditView.swift */; };
		04AE38B12C1796E2000877A0 /* CardView.swift in Sources */ = {isa = PBXBuildFile; fileRef = 04AE38B02C1796E2000877A0 /* CardView.swift */; };
/* End PBXBuildFile section */

/* Begin PBXContainerItemProxy section */
		040A305E2BE542EE00D57081 /* PBXContainerItemProxy */ = {
			isa = PBXContainerItemProxy;
			containerPortal = 040A30452BE542EC00D57081 /* Project object */;
			proxyType = 1;
			remoteGlobalIDString = 040A304C2BE542EC00D57081;
			remoteInfo = Scrumdinger;
		};
		040A30682BE542EE00D57081 /* PBXContainerItemProxy */ = {
			isa = PBXContainerItemProxy;
			containerPortal = 040A30452BE542EC00D57081 /* Project object */;
			proxyType = 1;
			remoteGlobalIDString = 040A304C2BE542EC00D57081;
			remoteInfo = Scrumdinger;
		};
/* End PBXContainerItemProxy section */

/* Begin PBXFileReference section */
		040A304D2BE542EC00D57081 /* Scrumdinger.app */ = {isa = PBXFileReference; explicitFileType = wrapper.application; includeInIndex = 0; path = Scrumdinger.app; sourceTree = BUILT_PRODUCTS_DIR; };
		040A30502BE542EC00D57081 /* ScrumdingerApp.swift */ = {isa = PBXFileReference; lastKnownFileType = sourcecode.swift; path = ScrumdingerApp.swift; sourceTree = "<group>"; };
		040A30522BE542EC00D57081 /* MeetingView.swift */ = {isa = PBXFileReference; lastKnownFileType = sourcecode.swift; path = MeetingView.swift; sourceTree = "<group>"; };
		040A30542BE542ED00D57081 /* Assets.xcassets */ = {isa = PBXFileReference; lastKnownFileType = folder.assetcatalog; path = Assets.xcassets; sourceTree = "<group>"; };
		040A30572BE542ED00D57081 /* Preview Assets.xcassets */ = {isa = PBXFileReference; lastKnownFileType = folder.assetcatalog; path = "Preview Assets.xcassets"; sourceTree = "<group>"; };
		040A305D2BE542EE00D57081 /* ScrumdingerTests.xctest */ = {isa = PBXFileReference; explicitFileType = wrapper.cfbundle; includeInIndex = 0; path = ScrumdingerTests.xctest; sourceTree = BUILT_PRODUCTS_DIR; };
		040A30612BE542EE00D57081 /* ScrumdingerTests.swift */ = {isa = PBXFileReference; lastKnownFileType = sourcecode.swift; path = ScrumdingerTests.swift; sourceTree = "<group>"; };
		040A30672BE542EE00D57081 /* ScrumdingerUITests.xctest */ = {isa = PBXFileReference; explicitFileType = wrapper.cfbundle; includeInIndex = 0; path = ScrumdingerUITests.xctest; sourceTree = BUILT_PRODUCTS_DIR; };
		040A306B2BE542EE00D57081 /* ScrumdingerUITests.swift */ = {isa = PBXFileReference; lastKnownFileType = sourcecode.swift; path = ScrumdingerUITests.swift; sourceTree = "<group>"; };
		040A306D2BE542EE00D57081 /* ScrumdingerUITestsLaunchTests.swift */ = {isa = PBXFileReference; lastKnownFileType = sourcecode.swift; path = ScrumdingerUITestsLaunchTests.swift; sourceTree = "<group>"; };
		040A307B2BFFDA1200D57081 /* Theme.swift */ = {isa = PBXFileReference; lastKnownFileType = sourcecode.swift; path = Theme.swift; sourceTree = "<group>"; };
		040A307D2BFFDF3A00D57081 /* DailyScrum.swift */ = {isa = PBXFileReference; lastKnownFileType = sourcecode.swift; path = DailyScrum.swift; sourceTree = "<group>"; };
		0498560B2C2C428F00D8863D /* TrailingIconLabelStyle.swift */ = {isa = PBXFileReference; lastKnownFileType = sourcecode.swift; path = TrailingIconLabelStyle.swift; sourceTree = "<group>"; };
		0498560D2C34875A00D8863D /* View.swift */ = {isa = PBXFileReference; lastKnownFileType = sourcecode.swift; path = View.swift; sourceTree = "<group>"; };
		0498560F2C348CED00D8863D /* DetailView.swift */ = {isa = PBXFileReference; lastKnownFileType = sourcecode.swift; path = DetailView.swift; sourceTree = "<group>"; };
		04A26B652C3949F000E20369 /* DetrailEditView.swift */ = {isa = PBXFileReference; lastKnownFileType = sourcecode.swift; path = DetrailEditView.swift; sourceTree = "<group>"; };
		04AE38B02C1796E2000877A0 /* CardView.swift */ = {isa = PBXFileReference; lastKnownFileType = sourcecode.swift; path = CardView.swift; sourceTree = "<group>"; };
/* End PBXFileReference section */

/* Begin PBXFrameworksBuildPhase section */
		040A304A2BE542EC00D57081 /* Frameworks */ = {
			isa = PBXFrameworksBuildPhase;
			buildActionMask = 2147483647;
			files = (
			);
			runOnlyForDeploymentPostprocessing = 0;
		};
		040A305A2BE542EE00D57081 /* Frameworks */ = {
			isa = PBXFrameworksBuildPhase;
			buildActionMask = 2147483647;
			files = (
			);
			runOnlyForDeploymentPostprocessing = 0;
		};
		040A30642BE542EE00D57081 /* Frameworks */ = {
			isa = PBXFrameworksBuildPhase;
			buildActionMask = 2147483647;
			files = (
			);
			runOnlyForDeploymentPostprocessing = 0;
		};
/* End PBXFrameworksBuildPhase section */

/* Begin PBXGroup section */
		040A30442BE542EC00D57081 = {
			isa = PBXGroup;
			children = (
				040A304F2BE542EC00D57081 /* Scrumdinger */,
				040A30602BE542EE00D57081 /* ScrumdingerTests */,
				040A306A2BE542EE00D57081 /* ScrumdingerUITests */,
				040A304E2BE542EC00D57081 /* Products */,
			);
			sourceTree = "<group>";
		};
		040A304E2BE542EC00D57081 /* Products */ = {
			isa = PBXGroup;
			children = (
				040A304D2BE542EC00D57081 /* Scrumdinger.app */,
				040A305D2BE542EE00D57081 /* ScrumdingerTests.xctest */,
				040A30672BE542EE00D57081 /* ScrumdingerUITests.xctest */,
			);
			name = Products;
			sourceTree = "<group>";
		};
		040A304F2BE542EC00D57081 /* Scrumdinger */ = {
			isa = PBXGroup;
			children = (
				040A307A2BFFD9C500D57081 /* Models */,
				040A30502BE542EC00D57081 /* ScrumdingerApp.swift */,
				0498560B2C2C428F00D8863D /* TrailingIconLabelStyle.swift */,
				040A30522BE542EC00D57081 /* MeetingView.swift */,
				040A30542BE542ED00D57081 /* Assets.xcassets */,
				040A30562BE542ED00D57081 /* Preview Content */,
			);
			path = Scrumdinger;
			sourceTree = "<group>";
		};
		040A30562BE542ED00D57081 /* Preview Content */ = {
			isa = PBXGroup;
			children = (
				040A30572BE542ED00D57081 /* Preview Assets.xcassets */,
			);
			path = "Preview Content";
			sourceTree = "<group>";
		};
		040A30602BE542EE00D57081 /* ScrumdingerTests */ = {
			isa = PBXGroup;
			children = (
				040A30612BE542EE00D57081 /* ScrumdingerTests.swift */,
			);
			path = ScrumdingerTests;
			sourceTree = "<group>";
		};
		040A306A2BE542EE00D57081 /* ScrumdingerUITests */ = {
			isa = PBXGroup;
			children = (
				040A306B2BE542EE00D57081 /* ScrumdingerUITests.swift */,
				040A306D2BE542EE00D57081 /* ScrumdingerUITestsLaunchTests.swift */,
			);
			path = ScrumdingerUITests;
			sourceTree = "<group>";
		};
		040A307A2BFFD9C500D57081 /* Models */ = {
			isa = PBXGroup;
			children = (
				040A307B2BFFDA1200D57081 /* Theme.swift */,
				040A307D2BFFDF3A00D57081 /* DailyScrum.swift */,
				04AE38B02C1796E2000877A0 /* CardView.swift */,
				0498560D2C34875A00D8863D /* View.swift */,
				0498560F2C348CED00D8863D /* DetailView.swift */,
				04A26B652C3949F000E20369 /* DetrailEditView.swift */,
			);
			path = Models;
			sourceTree = "<group>";
		};
/* End PBXGroup section */

/* Begin PBXNativeTarget section */
		040A304C2BE542EC00D57081 /* Scrumdinger */ = {
			isa = PBXNativeTarget;
			buildConfigurationList = 040A30712BE542EE00D57081 /* Build configuration list for PBXNativeTarget "Scrumdinger" */;
			buildPhases = (
				040A30492BE542EC00D57081 /* Sources */,
				040A304A2BE542EC00D57081 /* Frameworks */,
				040A304B2BE542EC00D57081 /* Resources */,
			);
			buildRules = (
			);
			dependencies = (
			);
			name = Scrumdinger;
			productName = Scrumdinger;
			productReference = 040A304D2BE542EC00D57081 /* Scrumdinger.app */;
			productType = "com.apple.product-type.application";
		};
		040A305C2BE542EE00D57081 /* ScrumdingerTests */ = {
			isa = PBXNativeTarget;
			buildConfigurationList = 040A30742BE542EE00D57081 /* Build configuration list for PBXNativeTarget "ScrumdingerTests" */;
			buildPhases = (
				040A30592BE542EE00D57081 /* Sources */,
				040A305A2BE542EE00D57081 /* Frameworks */,
				040A305B2BE542EE00D57081 /* Resources */,
			);
			buildRules = (
			);
			dependencies = (
				040A305F2BE542EE00D57081 /* PBXTargetDependency */,
			);
			name = ScrumdingerTests;
			productName = ScrumdingerTests;
			productReference = 040A305D2BE542EE00D57081 /* ScrumdingerTests.xctest */;
			productType = "com.apple.product-type.bundle.unit-test";
		};
		040A30662BE542EE00D57081 /* ScrumdingerUITests */ = {
			isa = PBXNativeTarget;
			buildConfigurationList = 040A30772BE542EE00D57081 /* Build configuration list for PBXNativeTarget "ScrumdingerUITests" */;
			buildPhases = (
				040A30632BE542EE00D57081 /* Sources */,
				040A30642BE542EE00D57081 /* Frameworks */,
				040A30652BE542EE00D57081 /* Resources */,
			);
			buildRules = (
			);
			dependencies = (
				040A30692BE542EE00D57081 /* PBXTargetDependency */,
			);
			name = ScrumdingerUITests;
			productName = ScrumdingerUITests;
			productReference = 040A30672BE542EE00D57081 /* ScrumdingerUITests.xctest */;
			productType = "com.apple.product-type.bundle.ui-testing";
		};
/* End PBXNativeTarget section */

/* Begin PBXProject section */
		040A30452BE542EC00D57081 /* Project object */ = {
			isa = PBXProject;
			attributes = {
				BuildIndependentTargetsInParallel = 1;
				LastSwiftUpdateCheck = 1430;
				LastUpgradeCheck = 1430;
				TargetAttributes = {
					040A304C2BE542EC00D57081 = {
						CreatedOnToolsVersion = 14.3.1;
					};
					040A305C2BE542EE00D57081 = {
						CreatedOnToolsVersion = 14.3.1;
						TestTargetID = 040A304C2BE542EC00D57081;
					};
					040A30662BE542EE00D57081 = {
						CreatedOnToolsVersion = 14.3.1;
						TestTargetID = 040A304C2BE542EC00D57081;
					};
				};
			};
			buildConfigurationList = 040A30482BE542EC00D57081 /* Build configuration list for PBXProject "Scrumdinger" */;
			compatibilityVersion = "Xcode 14.0";
			developmentRegion = en;
			hasScannedForEncodings = 0;
			knownRegions = (
				en,
				Base,
			);
			mainGroup = 040A30442BE542EC00D57081;
			productRefGroup = 040A304E2BE542EC00D57081 /* Products */;
			projectDirPath = "";
			projectRoot = "";
			targets = (
				040A304C2BE542EC00D57081 /* Scrumdinger */,
				040A305C2BE542EE00D57081 /* ScrumdingerTests */,
				040A30662BE542EE00D57081 /* ScrumdingerUITests */,
			);
		};
/* End PBXProject section */

/* Begin PBXResourcesBuildPhase section */
		040A304B2BE542EC00D57081 /* Resources */ = {
			isa = PBXResourcesBuildPhase;
			buildActionMask = 2147483647;
			files = (
				040A30582BE542ED00D57081 /* Preview Assets.xcassets in Resources */,
				040A30552BE542ED00D57081 /* Assets.xcassets in Resources */,
			);
			runOnlyForDeploymentPostprocessing = 0;
		};
		040A305B2BE542EE00D57081 /* Resources */ = {
			isa = PBXResourcesBuildPhase;
			buildActionMask = 2147483647;
			files = (
			);
			runOnlyForDeploymentPostprocessing = 0;
		};
		040A30652BE542EE00D57081 /* Resources */ = {
			isa = PBXResourcesBuildPhase;
			buildActionMask = 2147483647;
			files = (
			);
			runOnlyForDeploymentPostprocessing = 0;
		};
/* End PBXResourcesBuildPhase section */

/* Begin PBXSourcesBuildPhase section */
		040A30492BE542EC00D57081 /* Sources */ = {
			isa = PBXSourcesBuildPhase;
			buildActionMask = 2147483647;
			files = (
				04AE38B12C1796E2000877A0 /* CardView.swift in Sources */,
				049856102C348CED00D8863D /* DetailView.swift in Sources */,
				0498560C2C2C428F00D8863D /* TrailingIconLabelStyle.swift in Sources */,
				04A26B662C3949F000E20369 /* DetrailEditView.swift in Sources */,
				0498560E2C34875A00D8863D /* View.swift in Sources */,
				040A307E2BFFDF3A00D57081 /* DailyScrum.swift in Sources */,
				040A307C2BFFDA1200D57081 /* Theme.swift in Sources */,
				040A30532BE542EC00D57081 /* MeetingView.swift in Sources */,
				040A30512BE542EC00D57081 /* ScrumdingerApp.swift in Sources */,
			);
			runOnlyForDeploymentPostprocessing = 0;
		};
		040A30592BE542EE00D57081 /* Sources */ = {
			isa = PBXSourcesBuildPhase;
			buildActionMask = 2147483647;
			files = (
				040A30622BE542EE00D57081 /* ScrumdingerTests.swift in Sources */,
			);
			runOnlyForDeploymentPostprocessing = 0;
		};
		040A30632BE542EE00D57081 /* Sources */ = {
			isa = PBXSourcesBuildPhase;
			buildActionMask = 2147483647;
			files = (
				040A306E2BE542EE00D57081 /* ScrumdingerUITestsLaunchTests.swift in Sources */,
				040A306C2BE542EE00D57081 /* ScrumdingerUITests.swift in Sources */,
			);
			runOnlyForDeploymentPostprocessing = 0;
		};
/* End PBXSourcesBuildPhase section */

/* Begin PBXTargetDependency section */
		040A305F2BE542EE00D57081 /* PBXTargetDependency */ = {
			isa = PBXTargetDependency;
			target = 040A304C2BE542EC00D57081 /* Scrumdinger */;
			targetProxy = 040A305E2BE542EE00D57081 /* PBXContainerItemProxy */;
		};
		040A30692BE542EE00D57081 /* PBXTargetDependency */ = {
			isa = PBXTargetDependency;
			target = 040A304C2BE542EC00D57081 /* Scrumdinger */;
			targetProxy = 040A30682BE542EE00D57081 /* PBXContainerItemProxy */;
		};
/* End PBXTargetDependency section */

/* Begin XCBuildConfiguration section */
		040A306F2BE542EE00D57081 /* Debug */ = {
			isa = XCBuildConfiguration;
			buildSettings = {
				ALWAYS_SEARCH_USER_PATHS = NO;
				CLANG_ANALYZER_NONNULL = YES;
				CLANG_ANALYZER_NUMBER_OBJECT_CONVERSION = YES_AGGRESSIVE;
				CLANG_CXX_LANGUAGE_STANDARD = "gnu++20";
				CLANG_ENABLE_MODULES = YES;
				CLANG_ENABLE_OBJC_ARC = YES;
				CLANG_ENABLE_OBJC_WEAK = YES;
				CLANG_WARN_BLOCK_CAPTURE_AUTORELEASING = YES;
				CLANG_WARN_BOOL_CONVERSION = YES;
				CLANG_WARN_COMMA = YES;
				CLANG_WARN_CONSTANT_CONVERSION = YES;
				CLANG_WARN_DEPRECATED_OBJC_IMPLEMENTATIONS = YES;
				CLANG_WARN_DIRECT_OBJC_ISA_USAGE = YES_ERROR;
				CLANG_WARN_DOCUMENTATION_COMMENTS = YES;
				CLANG_WARN_EMPTY_BODY = YES;
				CLANG_WARN_ENUM_CONVERSION = YES;
				CLANG_WARN_INFINITE_RECURSION = YES;
				CLANG_WARN_INT_CONVERSION = YES;
				CLANG_WARN_NON_LITERAL_NULL_CONVERSION = YES;
				CLANG_WARN_OBJC_IMPLICIT_RETAIN_SELF = YES;
				CLANG_WARN_OBJC_LITERAL_CONVERSION = YES;
				CLANG_WARN_OBJC_ROOT_CLASS = YES_ERROR;
				CLANG_WARN_QUOTED_INCLUDE_IN_FRAMEWORK_HEADER = YES;
				CLANG_WARN_RANGE_LOOP_ANALYSIS = YES;
				CLANG_WARN_STRICT_PROTOTYPES = YES;
				CLANG_WARN_SUSPICIOUS_MOVE = YES;
				CLANG_WARN_UNGUARDED_AVAILABILITY = YES_AGGRESSIVE;
				CLANG_WARN_UNREACHABLE_CODE = YES;
				CLANG_WARN__DUPLICATE_METHOD_MATCH = YES;
				COPY_PHASE_STRIP = NO;
				DEBUG_INFORMATION_FORMAT = dwarf;
				ENABLE_STRICT_OBJC_MSGSEND = YES;
				ENABLE_TESTABILITY = YES;
				GCC_C_LANGUAGE_STANDARD = gnu11;
				GCC_DYNAMIC_NO_PIC = NO;
				GCC_NO_COMMON_BLOCKS = YES;
				GCC_OPTIMIZATION_LEVEL = 0;
				GCC_PREPROCESSOR_DEFINITIONS = (
					"DEBUG=1",
					"$(inherited)",
				);
				GCC_WARN_64_TO_32_BIT_CONVERSION = YES;
				GCC_WARN_ABOUT_RETURN_TYPE = YES_ERROR;
				GCC_WARN_UNDECLARED_SELECTOR = YES;
				GCC_WARN_UNINITIALIZED_AUTOS = YES_AGGRESSIVE;
				GCC_WARN_UNUSED_FUNCTION = YES;
				GCC_WARN_UNUSED_VARIABLE = YES;
				IPHONEOS_DEPLOYMENT_TARGET = 16.4;
				MTL_ENABLE_DEBUG_INFO = INCLUDE_SOURCE;
				MTL_FAST_MATH = YES;
				ONLY_ACTIVE_ARCH = YES;
				SDKROOT = iphoneos;
				SWIFT_ACTIVE_COMPILATION_CONDITIONS = DEBUG;
				SWIFT_OPTIMIZATION_LEVEL = "-Onone";
			};
			name = Debug;
		};
		040A30702BE542EE00D57081 /* Release */ = {
			isa = XCBuildConfiguration;
			buildSettings = {
				ALWAYS_SEARCH_USER_PATHS = NO;
				CLANG_ANALYZER_NONNULL = YES;
				CLANG_ANALYZER_NUMBER_OBJECT_CONVERSION = YES_AGGRESSIVE;
				CLANG_CXX_LANGUAGE_STANDARD = "gnu++20";
				CLANG_ENABLE_MODULES = YES;
				CLANG_ENABLE_OBJC_ARC = YES;
				CLANG_ENABLE_OBJC_WEAK = YES;
				CLANG_WARN_BLOCK_CAPTURE_AUTORELEASING = YES;
				CLANG_WARN_BOOL_CONVERSION = YES;
				CLANG_WARN_COMMA = YES;
				CLANG_WARN_CONSTANT_CONVERSION = YES;
				CLANG_WARN_DEPRECATED_OBJC_IMPLEMENTATIONS = YES;
				CLANG_WARN_DIRECT_OBJC_ISA_USAGE = YES_ERROR;
				CLANG_WARN_DOCUMENTATION_COMMENTS = YES;
				CLANG_WARN_EMPTY_BODY = YES;
				CLANG_WARN_ENUM_CONVERSION = YES;
				CLANG_WARN_INFINITE_RECURSION = YES;
				CLANG_WARN_INT_CONVERSION = YES;
				CLANG_WARN_NON_LITERAL_NULL_CONVERSION = YES;
				CLANG_WARN_OBJC_IMPLICIT_RETAIN_SELF = YES;
				CLANG_WARN_OBJC_LITERAL_CONVERSION = YES;
				CLANG_WARN_OBJC_ROOT_CLASS = YES_ERROR;
				CLANG_WARN_QUOTED_INCLUDE_IN_FRAMEWORK_HEADER = YES;
				CLANG_WARN_RANGE_LOOP_ANALYSIS = YES;
				CLANG_WARN_STRICT_PROTOTYPES = YES;
				CLANG_WARN_SUSPICIOUS_MOVE = YES;
				CLANG_WARN_UNGUARDED_AVAILABILITY = YES_AGGRESSIVE;
				CLANG_WARN_UNREACHABLE_CODE = YES;
				CLANG_WARN__DUPLICATE_METHOD_MATCH = YES;
				COPY_PHASE_STRIP = NO;
				DEBUG_INFORMATION_FORMAT = "dwarf-with-dsym";
				ENABLE_NS_ASSERTIONS = NO;
				ENABLE_STRICT_OBJC_MSGSEND = YES;
				GCC_C_LANGUAGE_STANDARD = gnu11;
				GCC_NO_COMMON_BLOCKS = YES;
				GCC_WARN_64_TO_32_BIT_CONVERSION = YES;
				GCC_WARN_ABOUT_RETURN_TYPE = YES_ERROR;
				GCC_WARN_UNDECLARED_SELECTOR = YES;
				GCC_WARN_UNINITIALIZED_AUTOS = YES_AGGRESSIVE;
				GCC_WARN_UNUSED_FUNCTION = YES;
				GCC_WARN_UNUSED_VARIABLE = YES;
				IPHONEOS_DEPLOYMENT_TARGET = 16.4;
				MTL_ENABLE_DEBUG_INFO = NO;
				MTL_FAST_MATH = YES;
				SDKROOT = iphoneos;
				SWIFT_COMPILATION_MODE = wholemodule;
				SWIFT_OPTIMIZATION_LEVEL = "-O";
				VALIDATE_PRODUCT = YES;
			};
			name = Release;
		};
		040A30722BE542EE00D57081 /* Debug */ = {
			isa = XCBuildConfiguration;
			buildSettings = {
				ASSETCATALOG_COMPILER_APPICON_NAME = AppIcon;
				ASSETCATALOG_COMPILER_GLOBAL_ACCENT_COLOR_NAME = AccentColor;
				CODE_SIGN_STYLE = Automatic;
				CURRENT_PROJECT_VERSION = 1;
				DEVELOPMENT_ASSET_PATHS = "\"Scrumdinger/Preview Content\"";
				ENABLE_PREVIEWS = YES;
				GENERATE_INFOPLIST_FILE = YES;
				INFOPLIST_KEY_UIApplicationSceneManifest_Generation = YES;
				INFOPLIST_KEY_UIApplicationSupportsIndirectInputEvents = YES;
				INFOPLIST_KEY_UILaunchScreen_Generation = YES;
				INFOPLIST_KEY_UISupportedInterfaceOrientations_iPad = "UIInterfaceOrientationPortrait UIInterfaceOrientationPortraitUpsideDown UIInterfaceOrientationLandscapeLeft UIInterfaceOrientationLandscapeRight";
				INFOPLIST_KEY_UISupportedInterfaceOrientations_iPhone = "UIInterfaceOrientationPortrait UIInterfaceOrientationLandscapeLeft UIInterfaceOrientationLandscapeRight";
				LD_RUNPATH_SEARCH_PATHS = (
					"$(inherited)",
					"@executable_path/Frameworks",
				);
				MARKETING_VERSION = 1.0;
				PRODUCT_BUNDLE_IDENTIFIER = "-.Scrumdinger";
				PRODUCT_NAME = "$(TARGET_NAME)";
				SWIFT_EMIT_LOC_STRINGS = YES;
				SWIFT_VERSION = 5.0;
				TARGETED_DEVICE_FAMILY = "1,2";
			};
			name = Debug;
		};
		040A30732BE542EE00D57081 /* Release */ = {
			isa = XCBuildConfiguration;
			buildSettings = {
				ASSETCATALOG_COMPILER_APPICON_NAME = AppIcon;
				ASSETCATALOG_COMPILER_GLOBAL_ACCENT_COLOR_NAME = AccentColor;
				CODE_SIGN_STYLE = Automatic;
				CURRENT_PROJECT_VERSION = 1;
				DEVELOPMENT_ASSET_PATHS = "\"Scrumdinger/Preview Content\"";
				ENABLE_PREVIEWS = YES;
				GENERATE_INFOPLIST_FILE = YES;
				INFOPLIST_KEY_UIApplicationSceneManifest_Generation = YES;
				INFOPLIST_KEY_UIApplicationSupportsIndirectInputEvents = YES;
				INFOPLIST_KEY_UILaunchScreen_Generation = YES;
				INFOPLIST_KEY_UISupportedInterfaceOrientations_iPad = "UIInterfaceOrientationPortrait UIInterfaceOrientationPortraitUpsideDown UIInterfaceOrientationLandscapeLeft UIInterfaceOrientationLandscapeRight";
				INFOPLIST_KEY_UISupportedInterfaceOrientations_iPhone = "UIInterfaceOrientationPortrait UIInterfaceOrientationLandscapeLeft UIInterfaceOrientationLandscapeRight";
				LD_RUNPATH_SEARCH_PATHS = (
					"$(inherited)",
					"@executable_path/Frameworks",
				);
				MARKETING_VERSION = 1.0;
				PRODUCT_BUNDLE_IDENTIFIER = "-.Scrumdinger";
				PRODUCT_NAME = "$(TARGET_NAME)";
				SWIFT_EMIT_LOC_STRINGS = YES;
				SWIFT_VERSION = 5.0;
				TARGETED_DEVICE_FAMILY = "1,2";
			};
			name = Release;
		};
		040A30752BE542EE00D57081 /* Debug */ = {
			isa = XCBuildConfiguration;
			buildSettings = {
				ALWAYS_EMBED_SWIFT_STANDARD_LIBRARIES = YES;
				BUNDLE_LOADER = "$(TEST_HOST)";
				CODE_SIGN_STYLE = Automatic;
				CURRENT_PROJECT_VERSION = 1;
				GENERATE_INFOPLIST_FILE = YES;
				IPHONEOS_DEPLOYMENT_TARGET = 16.4;
				MARKETING_VERSION = 1.0;
				PRODUCT_BUNDLE_IDENTIFIER = "-.ScrumdingerTests";
				PRODUCT_NAME = "$(TARGET_NAME)";
				SWIFT_EMIT_LOC_STRINGS = NO;
				SWIFT_VERSION = 5.0;
				TARGETED_DEVICE_FAMILY = "1,2";
				TEST_HOST = "$(BUILT_PRODUCTS_DIR)/Scrumdinger.app/$(BUNDLE_EXECUTABLE_FOLDER_PATH)/Scrumdinger";
			};
			name = Debug;
		};
		040A30762BE542EE00D57081 /* Release */ = {
			isa = XCBuildConfiguration;
			buildSettings = {
				ALWAYS_EMBED_SWIFT_STANDARD_LIBRARIES = YES;
				BUNDLE_LOADER = "$(TEST_HOST)";
				CODE_SIGN_STYLE = Automatic;
				CURRENT_PROJECT_VERSION = 1;
				GENERATE_INFOPLIST_FILE = YES;
				IPHONEOS_DEPLOYMENT_TARGET = 16.4;
				MARKETING_VERSION = 1.0;
				PRODUCT_BUNDLE_IDENTIFIER = "-.ScrumdingerTests";
				PRODUCT_NAME = "$(TARGET_NAME)";
				SWIFT_EMIT_LOC_STRINGS = NO;
				SWIFT_VERSION = 5.0;
				TARGETED_DEVICE_FAMILY = "1,2";
				TEST_HOST = "$(BUILT_PRODUCTS_DIR)/Scrumdinger.app/$(BUNDLE_EXECUTABLE_FOLDER_PATH)/Scrumdinger";
			};
			name = Release;
		};
		040A30782BE542EE00D57081 /* Debug */ = {
			isa = XCBuildConfiguration;
			buildSettings = {
				ALWAYS_EMBED_SWIFT_STANDARD_LIBRARIES = YES;
				CODE_SIGN_STYLE = Automatic;
				CURRENT_PROJECT_VERSION = 1;
				GENERATE_INFOPLIST_FILE = YES;
				MARKETING_VERSION = 1.0;
				PRODUCT_BUNDLE_IDENTIFIER = "-.ScrumdingerUITests";
				PRODUCT_NAME = "$(TARGET_NAME)";
				SWIFT_EMIT_LOC_STRINGS = NO;
				SWIFT_VERSION = 5.0;
				TARGETED_DEVICE_FAMILY = "1,2";
				TEST_TARGET_NAME = Scrumdinger;
			};
			name = Debug;
		};
		040A30792BE542EE00D57081 /* Release */ = {
			isa = XCBuildConfiguration;
			buildSettings = {
				ALWAYS_EMBED_SWIFT_STANDARD_LIBRARIES = YES;
				CODE_SIGN_STYLE = Automatic;
				CURRENT_PROJECT_VERSION = 1;
				GENERATE_INFOPLIST_FILE = YES;
				MARKETING_VERSION = 1.0;
				PRODUCT_BUNDLE_IDENTIFIER = "-.ScrumdingerUITests";
				PRODUCT_NAME = "$(TARGET_NAME)";
				SWIFT_EMIT_LOC_STRINGS = NO;
				SWIFT_VERSION = 5.0;
				TARGETED_DEVICE_FAMILY = "1,2";
				TEST_TARGET_NAME = Scrumdinger;
			};
			name = Release;
		};
/* End XCBuildConfiguration section */

/* Begin XCConfigurationList section */
		040A30482BE542EC00D57081 /* Build configuration list for PBXProject "Scrumdinger" */ = {
			isa = XCConfigurationList;
			buildConfigurations = (
				040A306F2BE542EE00D57081 /* Debug */,
				040A30702BE542EE00D57081 /* Release */,
			);
			defaultConfigurationIsVisible = 0;
			defaultConfigurationName = Release;
		};
		040A30712BE542EE00D57081 /* Build configuration list for PBXNativeTarget "Scrumdinger" */ = {
			isa = XCConfigurationList;
			buildConfigurations = (
				040A30722BE542EE00D57081 /* Debug */,
				040A30732BE542EE00D57081 /* Release */,
			);
			defaultConfigurationIsVisible = 0;
			defaultConfigurationName = Release;
		};
		040A30742BE542EE00D57081 /* Build configuration list for PBXNativeTarget "ScrumdingerTests" */ = {
			isa = XCConfigurationList;
			buildConfigurations = (
				040A30752BE542EE00D57081 /* Debug */,
				040A30762BE542EE00D57081 /* Release */,
			);
			defaultConfigurationIsVisible = 0;
			defaultConfigurationName = Release;
		};
		040A30772BE542EE00D57081 /* Build configuration list for PBXNativeTarget "ScrumdingerUITests" */ = {
			isa = XCConfigurationList;
			buildConfigurations = (
				040A30782BE542EE00D57081 /* Debug */,
				040A30792BE542EE00D57081 /* Release */,
			);
			defaultConfigurationIsVisible = 0;
			defaultConfigurationName = Release;
		};
/* End XCConfigurationList section */
	};
	rootObject = 040A30452BE542EC00D57081 /* Project object */;
}
